
Microsoft Visual Studio Solution File, Format Version 12.00
# Visual Studio Version 17
VisualStudioVersion = 17.3.32922.545
MinimumVisualStudioVersion = 10.0.40219.1
Project("{FAE04EC0-301F-11D3-BF4B-00C04F79EFBC}") = "PROJEKT_Rossler", "PROJEKT_Rossler\PROJEKT_Rossler.csproj", "{0699BDF7-A7D5-4F78-86B3-12CA7619BE0D}"
EndProject
Global
	GlobalSection(SolutionConfigurationPlatforms) = preSolution
		Debug|Any CPU = Debug|Any CPU
		Release|Any CPU = Release|Any CPU
	EndGlobalSection
	GlobalSection(ProjectConfigurationPlatforms) = postSolution
		{0699BDF7-A7D5-4F78-86B3-12CA7619BE0D}.Debug|Any CPU.ActiveCfg = Debug|Any CPU
		{0699BDF7-A7D5-4F78-86B3-12CA7619BE0D}.Debug|Any CPU.Build.0 = Debug|Any CPU
		{0699BDF7-A7D5-4F78-86B3-12CA7619BE0D}.Release|Any CPU.ActiveCfg = Release|Any CPU
		{0699BDF7-A7D5-4F78-86B3-12CA7619BE0D}.Release|Any CPU.Build.0 = Release|Any CPU
	EndGlobalSection
	GlobalSection(SolutionProperties) = preSolution
		HideSolutionNode = FALSE
	EndGlobalSection
	GlobalSection(ExtensibilityGlobals) = postSolution
		SolutionGuid = {DE9CFE08-A00A-4A43-9FAA-25E37DB615FE}
	EndGlobalSection
EndGlobal
